
Microsoft Visual Studio Solution File, Format Version 12.00
# Visual Studio 15
VisualStudioVersion = 15.0.28307.852
MinimumVisualStudioVersion = 10.0.40219.1
Project("{8BC9CEB8-8B4A-11D0-8D11-00A0C91BC942}") = "2.21", "2.21\2.21.vcxproj", "{698C4A20-E10E-4F98-9FEE-0CF2281891B1}"
EndProject
Global
	GlobalSection(SolutionConfigurationPlatforms) = preSolution
		Debug|x64 = Debug|x64
		Debug|x86 = Debug|x86
		Release|x64 = Release|x64
		Release|x86 = Release|x86
	EndGlobalSection
	GlobalSection(ProjectConfigurationPlatforms) = postSolution
		{698C4A20-E10E-4F98-9FEE-0CF2281891B1}.Debug|x64.ActiveCfg = Debug|x64
		{698C4A20-E10E-4F98-9FEE-0CF2281891B1}.Debug|x64.Build.0 = Debug|x64
		{698C4A20-E10E-4F98-9FEE-0CF2281891B1}.Debug|x86.ActiveCfg = Debug|Win32
		{698C4A20-E10E-4F98-9FEE-0CF2281891B1}.Debug|x86.Build.0 = Debug|Win32
		{698C4A20-E10E-4F98-9FEE-0CF2281891B1}.Release|x64.ActiveCfg = Release|x64
		{698C4A20-E10E-4F98-9FEE-0CF2281891B1}.Release|x64.Build.0 = Release|x64
		{698C4A20-E10E-4F98-9FEE-0CF2281891B1}.Release|x86.ActiveCfg = Release|Win32
		{698C4A20-E10E-4F98-9FEE-0CF2281891B1}.Release|x86.Build.0 = Release|Win32
	EndGlobalSection
	GlobalSection(SolutionProperties) = preSolution
		HideSolutionNode = FALSE
	EndGlobalSection
	GlobalSection(ExtensibilityGlobals) = postSolution
		SolutionGuid = {6A6E9F72-D0EF-4A8C-88E8-E512C9F6171E}
	EndGlobalSection
EndGlobal
